
Microsoft Visual Studio Solution File, Format Version 11.00
# Visual C++ Express 2010
Project("{8BC9CEB8-8B4A-11D0-8D11-00A0C91BC942}") = "list9.10", "list9.10\list9.10.vcxproj", "{37A43AA7-D7E3-4825-9818-079BB6F18D2D}"
EndProject
Global
	GlobalSection(SolutionConfigurationPlatforms) = preSolution
		Debug|Win32 = Debug|Win32
		Release|Win32 = Release|Win32
	EndGlobalSection
	GlobalSection(ProjectConfigurationPlatforms) = postSolution
		{37A43AA7-D7E3-4825-9818-079BB6F18D2D}.Debug|Win32.ActiveCfg = Debug|Win32
		{37A43AA7-D7E3-4825-9818-079BB6F18D2D}.Debug|Win32.Build.0 = Debug|Win32
		{37A43AA7-D7E3-4825-9818-079BB6F18D2D}.Release|Win32.ActiveCfg = Release|Win32
		{37A43AA7-D7E3-4825-9818-079BB6F18D2D}.Release|Win32.Build.0 = Release|Win32
	EndGlobalSection
	GlobalSection(SolutionProperties) = preSolution
		HideSolutionNode = FALSE
	EndGlobalSection
EndGlobal
