
Microsoft Visual Studio Solution File, Format Version 11.00
# Visual C++ Express 2010
Project("{8BC9CEB8-8B4A-11D0-8D11-00A0C91BC942}") = "list5.4", "list5.4\list5.4.vcxproj", "{E0B8DC89-677A-499A-940D-9BF490CEE60E}"
EndProject
Global
	GlobalSection(SolutionConfigurationPlatforms) = preSolution
		Debug|Win32 = Debug|Win32
		Release|Win32 = Release|Win32
	EndGlobalSection
	GlobalSection(ProjectConfigurationPlatforms) = postSolution
		{E0B8DC89-677A-499A-940D-9BF490CEE60E}.Debug|Win32.ActiveCfg = Debug|Win32
		{E0B8DC89-677A-499A-940D-9BF490CEE60E}.Debug|Win32.Build.0 = Debug|Win32
		{E0B8DC89-677A-499A-940D-9BF490CEE60E}.Release|Win32.ActiveCfg = Release|Win32
		{E0B8DC89-677A-499A-940D-9BF490CEE60E}.Release|Win32.Build.0 = Release|Win32
	EndGlobalSection
	GlobalSection(SolutionProperties) = preSolution
		HideSolutionNode = FALSE
	EndGlobalSection
EndGlobal
