
Microsoft Visual Studio Solution File, Format Version 11.00
# Visual C++ Express 2010
Project("{8BC9CEB8-8B4A-11D0-8D11-00A0C91BC942}") = "list5.1", "list5.1\list5.1.vcxproj", "{2A18C797-C27E-4A1F-8853-1EEFB3AF9AF1}"
EndProject
Global
	GlobalSection(SolutionConfigurationPlatforms) = preSolution
		Debug|Win32 = Debug|Win32
		Release|Win32 = Release|Win32
	EndGlobalSection
	GlobalSection(ProjectConfigurationPlatforms) = postSolution
		{2A18C797-C27E-4A1F-8853-1EEFB3AF9AF1}.Debug|Win32.ActiveCfg = Debug|Win32
		{2A18C797-C27E-4A1F-8853-1EEFB3AF9AF1}.Debug|Win32.Build.0 = Debug|Win32
		{2A18C797-C27E-4A1F-8853-1EEFB3AF9AF1}.Release|Win32.ActiveCfg = Release|Win32
		{2A18C797-C27E-4A1F-8853-1EEFB3AF9AF1}.Release|Win32.Build.0 = Release|Win32
	EndGlobalSection
	GlobalSection(SolutionProperties) = preSolution
		HideSolutionNode = FALSE
	EndGlobalSection
EndGlobal
